
Microsoft Visual Studio Solution File, Format Version 12.00
# Visual Studio Version 17
VisualStudioVersion = 17.2.32630.192
MinimumVisualStudioVersion = 10.0.40219.1
Project("{FAE04EC0-301F-11D3-BF4B-00C04F79EFBC}") = "Erdniev8_21", "Erdniev8_21\Erdniev8_21.csproj", "{38BC8976-4720-4F77-8FD1-CDB50D3E6D7C}"
EndProject
Global
	GlobalSection(SolutionConfigurationPlatforms) = preSolution
		Debug|Any CPU = Debug|Any CPU
		Release|Any CPU = Release|Any CPU
	EndGlobalSection
	GlobalSection(ProjectConfigurationPlatforms) = postSolution
		{38BC8976-4720-4F77-8FD1-CDB50D3E6D7C}.Debug|Any CPU.ActiveCfg = Debug|Any CPU
		{38BC8976-4720-4F77-8FD1-CDB50D3E6D7C}.Debug|Any CPU.Build.0 = Debug|Any CPU
		{38BC8976-4720-4F77-8FD1-CDB50D3E6D7C}.Release|Any CPU.ActiveCfg = Release|Any CPU
		{38BC8976-4720-4F77-8FD1-CDB50D3E6D7C}.Release|Any CPU.Build.0 = Release|Any CPU
	EndGlobalSection
	GlobalSection(SolutionProperties) = preSolution
		HideSolutionNode = FALSE
	EndGlobalSection
	GlobalSection(ExtensibilityGlobals) = postSolution
		SolutionGuid = {F485E67D-7310-4918-8957-D7ABE95B1953}
	EndGlobalSection
EndGlobal
